
Microsoft Visual Studio Solution File, Format Version 12.00
# Visual Studio Version 17
VisualStudioVersion = 17.14.36310.24
MinimumVisualStudioVersion = 10.0.40219.1
Project("{FAE04EC0-301F-11D3-BF4B-00C04F79EFBC}") = "QuizSystem", "QuizSystem.csproj", "{0EEF155D-D36A-4E8B-88B8-9F87915AC84E}"
EndProject
Global
	GlobalSection(SolutionConfigurationPlatforms) = preSolution
		Debug|Any CPU = Debug|Any CPU
		Release|Any CPU = Release|Any CPU
	EndGlobalSection
	GlobalSection(ProjectConfigurationPlatforms) = postSolution
		{0EEF155D-D36A-4E8B-88B8-9F87915AC84E}.Debug|Any CPU.ActiveCfg = Debug|Any CPU
		{0EEF155D-D36A-4E8B-88B8-9F87915AC84E}.Debug|Any CPU.Build.0 = Debug|Any CPU
		{0EEF155D-D36A-4E8B-88B8-9F87915AC84E}.Release|Any CPU.ActiveCfg = Release|Any CPU
		{0EEF155D-D36A-4E8B-88B8-9F87915AC84E}.Release|Any CPU.Build.0 = Release|Any CPU
	EndGlobalSection
	GlobalSection(SolutionProperties) = preSolution
		HideSolutionNode = FALSE
	EndGlobalSection
	GlobalSection(ExtensibilityGlobals) = postSolution
		SolutionGuid = {AF08DEE4-88CF-45D0-AD02-5839E4E80978}
	EndGlobalSection
EndGlobal
